// !$*UTF8*$!
{
	archiveVersion = 1;
	classes = {
	};
	objectVersion = 50;
	objects = {

/* Begin PBXBuildFile section */
		97070E92245B14420037827C /* BreedListViewController+REST.swift in Sources */ = {isa = PBXBuildFile; fileRef = 97070E91245B14420037827C /* BreedListViewController+REST.swift */; };
		97070E94245B15090037827C /* BreedListViewController+Extension.swift in Sources */ = {isa = PBXBuildFile; fileRef = 97070E93245B15090037827C /* BreedListViewController+Extension.swift */; };
		973542C2245CA0D7001FDF3F /* UIView+Extension.swift in Sources */ = {isa = PBXBuildFile; fileRef = 973542C1245CA0D7001FDF3F /* UIView+Extension.swift */; };
		973542C4245CA1D9001FDF3F /* BreedListViewController+TableView.swift in Sources */ = {isa = PBXBuildFile; fileRef = 973542C3245CA1D9001FDF3F /* BreedListViewController+TableView.swift */; };
		973542C6245CD7DF001FDF3F /* BreedInfoViewController.swift in Sources */ = {isa = PBXBuildFile; fileRef = 973542C5245CD7DF001FDF3F /* BreedInfoViewController.swift */; };
		973724AC245D96D00052F97A /* UIExtensiion.swift in Sources */ = {isa = PBXBuildFile; fileRef = 973724AB245D96D00052F97A /* UIExtensiion.swift */; };
		973724AF245DA9B50052F97A /* BreedInfoViewController+CollectionView.swift in Sources */ = {isa = PBXBuildFile; fileRef = 973724AE245DA9B50052F97A /* BreedInfoViewController+CollectionView.swift */; };
		973724B3245DA9D10052F97A /* BreedInfoViewController+Extension.swift in Sources */ = {isa = PBXBuildFile; fileRef = 973724B2245DA9D10052F97A /* BreedInfoViewController+Extension.swift */; };
		973724B6245DAC8B0052F97A /* CatsCollectionViewCell.swift in Sources */ = {isa = PBXBuildFile; fileRef = 973724B4245DAC8B0052F97A /* CatsCollectionViewCell.swift */; };
		973724B7245DAC8B0052F97A /* CatsCollectionViewCell.xib in Resources */ = {isa = PBXBuildFile; fileRef = 973724B5245DAC8B0052F97A /* CatsCollectionViewCell.xib */; };
		97522D882461BC6300AD475C /* CatsCollectionViewCell+Extension.swift in Sources */ = {isa = PBXBuildFile; fileRef = 97522D872461BC6300AD475C /* CatsCollectionViewCell+Extension.swift */; };
		975A4DBC2459E32800178B55 /* AppDelegate.swift in Sources */ = {isa = PBXBuildFile; fileRef = 975A4DBB2459E32800178B55 /* AppDelegate.swift */; };
		975A4DBE2459E32800178B55 /* SceneDelegate.swift in Sources */ = {isa = PBXBuildFile; fileRef = 975A4DBD2459E32800178B55 /* SceneDelegate.swift */; };
		975A4DC32459E32800178B55 /* Main.storyboard in Resources */ = {isa = PBXBuildFile; fileRef = 975A4DC12459E32800178B55 /* Main.storyboard */; };
		975A4DC52459E32900178B55 /* Assets.xcassets in Resources */ = {isa = PBXBuildFile; fileRef = 975A4DC42459E32900178B55 /* Assets.xcassets */; };
		975A4DC82459E32900178B55 /* LaunchScreen.storyboard in Resources */ = {isa = PBXBuildFile; fileRef = 975A4DC62459E32900178B55 /* LaunchScreen.storyboard */; };
		975A4DD02459E41300178B55 /* CatsModel.swift in Sources */ = {isa = PBXBuildFile; fileRef = 975A4DCF2459E41300178B55 /* CatsModel.swift */; };
		975EABFC245DE603005CBCF6 /* BreedInfoViewController+REST.swift in Sources */ = {isa = PBXBuildFile; fileRef = 975EABFB245DE603005CBCF6 /* BreedInfoViewController+REST.swift */; };
		975EABFE245E17B1005CBCF6 /* PhotoZoomViewController.swift in Sources */ = {isa = PBXBuildFile; fileRef = 975EABFD245E17B1005CBCF6 /* PhotoZoomViewController.swift */; };
		975F831924644DA000784C18 /* AlertNotification.swift in Sources */ = {isa = PBXBuildFile; fileRef = 975F831824644DA000784C18 /* AlertNotification.swift */; };
		977FB67C246576C500B516CB /* WikiViewController+Extension.swift in Sources */ = {isa = PBXBuildFile; fileRef = 977FB67B246576C500B516CB /* WikiViewController+Extension.swift */; };
		97F1EC7A245F254D00F97E8A /* WikiViewController.swift in Sources */ = {isa = PBXBuildFile; fileRef = 97F1EC79245F254D00F97E8A /* WikiViewController.swift */; };
		97F1EC7D245F2A8000F97E8A /* WebKit.framework in Frameworks */ = {isa = PBXBuildFile; fileRef = 97F1EC7C245F2A8000F97E8A /* WebKit.framework */; };
		97F4E0112459F8D200E90E48 /* Services.swift in Sources */ = {isa = PBXBuildFile; fileRef = 97F4E0102459F8D200E90E48 /* Services.swift */; };
		97FF788B245B174B000286D9 /* BreedListViewController.swift in Sources */ = {isa = PBXBuildFile; fileRef = 97FF788A245B174B000286D9 /* BreedListViewController.swift */; };
		97FF788E245B17BE000286D9 /* CatBreedTableViewCell.swift in Sources */ = {isa = PBXBuildFile; fileRef = 97FF788C245B17BE000286D9 /* CatBreedTableViewCell.swift */; };
		97FF788F245B17BE000286D9 /* CatBreedTableViewCell.xib in Resources */ = {isa = PBXBuildFile; fileRef = 97FF788D245B17BE000286D9 /* CatBreedTableViewCell.xib */; };
/* End PBXBuildFile section */

/* Begin PBXFileReference section */
		97070E91245B14420037827C /* BreedListViewController+REST.swift */ = {isa = PBXFileReference; lastKnownFileType = sourcecode.swift; path = "BreedListViewController+REST.swift"; sourceTree = "<group>"; };
		97070E93245B15090037827C /* BreedListViewController+Extension.swift */ = {isa = PBXFileReference; lastKnownFileType = sourcecode.swift; path = "BreedListViewController+Extension.swift"; sourceTree = "<group>"; };
		973542C1245CA0D7001FDF3F /* UIView+Extension.swift */ = {isa = PBXFileReference; lastKnownFileType = sourcecode.swift; path = "UIView+Extension.swift"; sourceTree = "<group>"; };
		973542C3245CA1D9001FDF3F /* BreedListViewController+TableView.swift */ = {isa = PBXFileReference; lastKnownFileType = sourcecode.swift; path = "BreedListViewController+TableView.swift"; sourceTree = "<group>"; };
		973542C5245CD7DF001FDF3F /* BreedInfoViewController.swift */ = {isa = PBXFileReference; lastKnownFileType = sourcecode.swift; path = BreedInfoViewController.swift; sourceTree = "<group>"; };
		973724AB245D96D00052F97A /* UIExtensiion.swift */ = {isa = PBXFileReference; lastKnownFileType = sourcecode.swift; path = UIExtensiion.swift; sourceTree = "<group>"; };
		973724AE245DA9B50052F97A /* BreedInfoViewController+CollectionView.swift */ = {isa = PBXFileReference; lastKnownFileType = sourcecode.swift; path = "BreedInfoViewController+CollectionView.swift"; sourceTree = "<group>"; };
		973724B2245DA9D10052F97A /* BreedInfoViewController+Extension.swift */ = {isa = PBXFileReference; lastKnownFileType = sourcecode.swift; path = "BreedInfoViewController+Extension.swift"; sourceTree = "<group>"; };
		973724B4245DAC8B0052F97A /* CatsCollectionViewCell.swift */ = {isa = PBXFileReference; lastKnownFileType = sourcecode.swift; path = CatsCollectionViewCell.swift; sourceTree = "<group>"; };
		973724B5245DAC8B0052F97A /* CatsCollectionViewCell.xib */ = {isa = PBXFileReference; lastKnownFileType = file.xib; path = CatsCollectionViewCell.xib; sourceTree = "<group>"; };
		97522D872461BC6300AD475C /* CatsCollectionViewCell+Extension.swift */ = {isa = PBXFileReference; lastKnownFileType = sourcecode.swift; path = "CatsCollectionViewCell+Extension.swift"; sourceTree = "<group>"; };
		975A4DB82459E32800178B55 /* CatBreeds.app */ = {isa = PBXFileReference; explicitFileType = wrapper.application; includeInIndex = 0; path = CatBreeds.app; sourceTree = BUILT_PRODUCTS_DIR; };
		975A4DBB2459E32800178B55 /* AppDelegate.swift */ = {isa = PBXFileReference; lastKnownFileType = sourcecode.swift; path = AppDelegate.swift; sourceTree = "<group>"; };
		975A4DBD2459E32800178B55 /* SceneDelegate.swift */ = {isa = PBXFileReference; lastKnownFileType = sourcecode.swift; path = SceneDelegate.swift; sourceTree = "<group>"; };
		975A4DC22459E32800178B55 /* Base */ = {isa = PBXFileReference; lastKnownFileType = file.storyboard; name = Base; path = Base.lproj/Main.storyboard; sourceTree = "<group>"; };
		975A4DC42459E32900178B55 /* Assets.xcassets */ = {isa = PBXFileReference; lastKnownFileType = folder.assetcatalog; path = Assets.xcassets; sourceTree = "<group>"; };
		975A4DC72459E32900178B55 /* Base */ = {isa = PBXFileReference; lastKnownFileType = file.storyboard; name = Base; path = Base.lproj/LaunchScreen.storyboard; sourceTree = "<group>"; };
		975A4DC92459E32900178B55 /* Info.plist */ = {isa = PBXFileReference; lastKnownFileType = text.plist.xml; path = Info.plist; sourceTree = "<group>"; };
		975A4DCF2459E41300178B55 /* CatsModel.swift */ = {isa = PBXFileReference; lastKnownFileType = sourcecode.swift; path = CatsModel.swift; sourceTree = "<group>"; };
		975EABFB245DE603005CBCF6 /* BreedInfoViewController+REST.swift */ = {isa = PBXFileReference; fileEncoding = 4; lastKnownFileType = sourcecode.swift; path = "BreedInfoViewController+REST.swift"; sourceTree = "<group>"; };
		975EABFD245E17B1005CBCF6 /* PhotoZoomViewController.swift */ = {isa = PBXFileReference; lastKnownFileType = sourcecode.swift; path = PhotoZoomViewController.swift; sourceTree = "<group>"; };
		975F831824644DA000784C18 /* AlertNotification.swift */ = {isa = PBXFileReference; lastKnownFileType = sourcecode.swift; path = AlertNotification.swift; sourceTree = "<group>"; };
		977FB67B246576C500B516CB /* WikiViewController+Extension.swift */ = {isa = PBXFileReference; lastKnownFileType = sourcecode.swift; path = "WikiViewController+Extension.swift"; sourceTree = "<group>"; };
		97F1EC79245F254D00F97E8A /* WikiViewController.swift */ = {isa = PBXFileReference; lastKnownFileType = sourcecode.swift; path = WikiViewController.swift; sourceTree = "<group>"; };
		97F1EC7C245F2A8000F97E8A /* WebKit.framework */ = {isa = PBXFileReference; lastKnownFileType = wrapper.framework; name = WebKit.framework; path = System/Library/Frameworks/WebKit.framework; sourceTree = SDKROOT; };
		97F4E0102459F8D200E90E48 /* Services.swift */ = {isa = PBXFileReference; lastKnownFileType = sourcecode.swift; path = Services.swift; sourceTree = "<group>"; };
		97FF788A245B174B000286D9 /* BreedListViewController.swift */ = {isa = PBXFileReference; lastKnownFileType = sourcecode.swift; path = BreedListViewController.swift; sourceTree = "<group>"; };
		97FF788C245B17BE000286D9 /* CatBreedTableViewCell.swift */ = {isa = PBXFileReference; lastKnownFileType = sourcecode.swift; path = CatBreedTableViewCell.swift; sourceTree = "<group>"; };
		97FF788D245B17BE000286D9 /* CatBreedTableViewCell.xib */ = {isa = PBXFileReference; lastKnownFileType = file.xib; path = CatBreedTableViewCell.xib; sourceTree = "<group>"; };
/* End PBXFileReference section */

/* Begin PBXFrameworksBuildPhase section */
		975A4DB52459E32800178B55 /* Frameworks */ = {
			isa = PBXFrameworksBuildPhase;
			buildActionMask = 2147483647;
			files = (
				97F1EC7D245F2A8000F97E8A /* WebKit.framework in Frameworks */,
			);
			runOnlyForDeploymentPostprocessing = 0;
		};
/* End PBXFrameworksBuildPhase section */

/* Begin PBXGroup section */
		97070E95245B15980037827C /* BreedList */ = {
			isa = PBXGroup;
			children = (
				97FF788A245B174B000286D9 /* BreedListViewController.swift */,
				97070E93245B15090037827C /* BreedListViewController+Extension.swift */,
				973542C3245CA1D9001FDF3F /* BreedListViewController+TableView.swift */,
				97070E91245B14420037827C /* BreedListViewController+REST.swift */,
			);
			path = BreedList;
			sourceTree = "<group>";
		};
		973724AA245D954E0052F97A /* BreedInfo */ = {
			isa = PBXGroup;
			children = (
				973542C5245CD7DF001FDF3F /* BreedInfoViewController.swift */,
				973724B2245DA9D10052F97A /* BreedInfoViewController+Extension.swift */,
				973724AE245DA9B50052F97A /* BreedInfoViewController+CollectionView.swift */,
				975EABFB245DE603005CBCF6 /* BreedInfoViewController+REST.swift */,
			);
			name = BreedInfo;
			sourceTree = "<group>";
		};
		973724AD245D96D50052F97A /* Extension */ = {
			isa = PBXGroup;
			children = (
				973724AB245D96D00052F97A /* UIExtensiion.swift */,
				973542C1245CA0D7001FDF3F /* UIView+Extension.swift */,
			);
			name = Extension;
			path = BreedList;
			sourceTree = "<group>";
		};
		973724B8245DAC910052F97A /* CatsCollectionCell */ = {
			isa = PBXGroup;
			children = (
				973724B4245DAC8B0052F97A /* CatsCollectionViewCell.swift */,
				97522D872461BC6300AD475C /* CatsCollectionViewCell+Extension.swift */,
				973724B5245DAC8B0052F97A /* CatsCollectionViewCell.xib */,
			);
			path = CatsCollectionCell;
			sourceTree = "<group>";
		};
		975A4DAF2459E32800178B55 = {
			isa = PBXGroup;
			children = (
				975A4DBA2459E32800178B55 /* CatBreeds */,
				975A4DB92459E32800178B55 /* Products */,
				97F1EC7B245F2A8000F97E8A /* Frameworks */,
			);
			sourceTree = "<group>";
		};
		975A4DB92459E32800178B55 /* Products */ = {
			isa = PBXGroup;
			children = (
				975A4DB82459E32800178B55 /* CatBreeds.app */,
			);
			name = Products;
			sourceTree = "<group>";
		};
		975A4DBA2459E32800178B55 /* CatBreeds */ = {
			isa = PBXGroup;
			children = (
				975A4DBB2459E32800178B55 /* AppDelegate.swift */,
				975A4DBD2459E32800178B55 /* SceneDelegate.swift */,
				973724AD245D96D50052F97A /* Extension */,
				975F831A24644DAE00784C18 /* Notification */,
				975A4DD12459E42400178B55 /* Model */,
				97070E95245B15980037827C /* BreedList */,
				97FF7890245B17C4000286D9 /* BreedCell */,
				973724AA245D954E0052F97A /* BreedInfo */,
				97C42631245E3843007E37E9 /* PhotoZoom */,
				973724B8245DAC910052F97A /* CatsCollectionCell */,
				97F1EC7E245F36EF00F97E8A /* Wiki */,
				975A4DC12459E32800178B55 /* Main.storyboard */,
				975A4DC42459E32900178B55 /* Assets.xcassets */,
				975A4DC62459E32900178B55 /* LaunchScreen.storyboard */,
				975A4DC92459E32900178B55 /* Info.plist */,
			);
			path = CatBreeds;
			sourceTree = "<group>";
		};
		975A4DD12459E42400178B55 /* Model */ = {
			isa = PBXGroup;
			children = (
				975A4DCF2459E41300178B55 /* CatsModel.swift */,
				97F4E0102459F8D200E90E48 /* Services.swift */,
			);
			path = Model;
			sourceTree = "<group>";
		};
		975F831A24644DAE00784C18 /* Notification */ = {
			isa = PBXGroup;
			children = (
				975F831824644DA000784C18 /* AlertNotification.swift */,
			);
			path = Notification;
			sourceTree = "<group>";
		};
		97C42631245E3843007E37E9 /* PhotoZoom */ = {
			isa = PBXGroup;
			children = (
				975EABFD245E17B1005CBCF6 /* PhotoZoomViewController.swift */,
			);
			name = PhotoZoom;
			sourceTree = "<group>";
		};
		97F1EC7B245F2A8000F97E8A /* Frameworks */ = {
			isa = PBXGroup;
			children = (
				97F1EC7C245F2A8000F97E8A /* WebKit.framework */,
			);
			name = Frameworks;
			sourceTree = "<group>";
		};
		97F1EC7E245F36EF00F97E8A /* Wiki */ = {
			isa = PBXGroup;
			children = (
				97F1EC79245F254D00F97E8A /* WikiViewController.swift */,
				977FB67B246576C500B516CB /* WikiViewController+Extension.swift */,
			);
			path = Wiki;
			sourceTree = "<group>";
		};
		97FF7890245B17C4000286D9 /* BreedCell */ = {
			isa = PBXGroup;
			children = (
				97FF788C245B17BE000286D9 /* CatBreedTableViewCell.swift */,
				97FF788D245B17BE000286D9 /* CatBreedTableViewCell.xib */,
			);
			path = BreedCell;
			sourceTree = "<group>";
		};
/* End PBXGroup section */

/* Begin PBXNativeTarget section */
		975A4DB72459E32800178B55 /* CatBreeds */ = {
			isa = PBXNativeTarget;
			buildConfigurationList = 975A4DCC2459E32900178B55 /* Build configuration list for PBXNativeTarget "CatBreeds" */;
			buildPhases = (
				975A4DB42459E32800178B55 /* Sources */,
				975A4DB52459E32800178B55 /* Frameworks */,
				975A4DB62459E32800178B55 /* Resources */,
			);
			buildRules = (
			);
			dependencies = (
			);
			name = CatBreeds;
			productName = CatBreeds;
			productReference = 975A4DB82459E32800178B55 /* CatBreeds.app */;
			productType = "com.apple.product-type.application";
		};
/* End PBXNativeTarget section */

/* Begin PBXProject section */
		975A4DB02459E32800178B55 /* Project object */ = {
			isa = PBXProject;
			attributes = {
				LastSwiftUpdateCheck = 1140;
				LastUpgradeCheck = 1140;
				ORGANIZATIONNAME = "alexey sorochan";
				TargetAttributes = {
					975A4DB72459E32800178B55 = {
						CreatedOnToolsVersion = 11.4.1;
					};
				};
			};
			buildConfigurationList = 975A4DB32459E32800178B55 /* Build configuration list for PBXProject "CatBreeds" */;
			compatibilityVersion = "Xcode 9.3";
			developmentRegion = en;
			hasScannedForEncodings = 0;
			knownRegions = (
				en,
				Base,
			);
			mainGroup = 975A4DAF2459E32800178B55;
			productRefGroup = 975A4DB92459E32800178B55 /* Products */;
			projectDirPath = "";
			projectRoot = "";
			targets = (
				975A4DB72459E32800178B55 /* CatBreeds */,
			);
		};
/* End PBXProject section */

/* Begin PBXResourcesBuildPhase section */
		975A4DB62459E32800178B55 /* Resources */ = {
			isa = PBXResourcesBuildPhase;
			buildActionMask = 2147483647;
			files = (
				975A4DC82459E32900178B55 /* LaunchScreen.storyboard in Resources */,
				975A4DC52459E32900178B55 /* Assets.xcassets in Resources */,
				975A4DC32459E32800178B55 /* Main.storyboard in Resources */,
				97FF788F245B17BE000286D9 /* CatBreedTableViewCell.xib in Resources */,
				973724B7245DAC8B0052F97A /* CatsCollectionViewCell.xib in Resources */,
			);
			runOnlyForDeploymentPostprocessing = 0;
		};
/* End PBXResourcesBuildPhase section */

/* Begin PBXSourcesBuildPhase section */
		975A4DB42459E32800178B55 /* Sources */ = {
			isa = PBXSourcesBuildPhase;
			buildActionMask = 2147483647;
			files = (
				977FB67C246576C500B516CB /* WikiViewController+Extension.swift in Sources */,
				97F4E0112459F8D200E90E48 /* Services.swift in Sources */,
				973724AC245D96D00052F97A /* UIExtensiion.swift in Sources */,
				973542C4245CA1D9001FDF3F /* BreedListViewController+TableView.swift in Sources */,
				975A4DBC2459E32800178B55 /* AppDelegate.swift in Sources */,
				973724B3245DA9D10052F97A /* BreedInfoViewController+Extension.swift in Sources */,
				975F831924644DA000784C18 /* AlertNotification.swift in Sources */,
				973724AF245DA9B50052F97A /* BreedInfoViewController+CollectionView.swift in Sources */,
				97070E94245B15090037827C /* BreedListViewController+Extension.swift in Sources */,
				973542C2245CA0D7001FDF3F /* UIView+Extension.swift in Sources */,
				973724B6245DAC8B0052F97A /* CatsCollectionViewCell.swift in Sources */,
				97FF788E245B17BE000286D9 /* CatBreedTableViewCell.swift in Sources */,
				97F1EC7A245F254D00F97E8A /* WikiViewController.swift in Sources */,
				975A4DD02459E41300178B55 /* CatsModel.swift in Sources */,
				97FF788B245B174B000286D9 /* BreedListViewController.swift in Sources */,
				973542C6245CD7DF001FDF3F /* BreedInfoViewController.swift in Sources */,
				97522D882461BC6300AD475C /* CatsCollectionViewCell+Extension.swift in Sources */,
				97070E92245B14420037827C /* BreedListViewController+REST.swift in Sources */,
				975EABFE245E17B1005CBCF6 /* PhotoZoomViewController.swift in Sources */,
				975A4DBE2459E32800178B55 /* SceneDelegate.swift in Sources */,
				975EABFC245DE603005CBCF6 /* BreedInfoViewController+REST.swift in Sources */,
			);
			runOnlyForDeploymentPostprocessing = 0;
		};
/* End PBXSourcesBuildPhase section */

/* Begin PBXVariantGroup section */
		975A4DC12459E32800178B55 /* Main.storyboard */ = {
			isa = PBXVariantGroup;
			children = (
				975A4DC22459E32800178B55 /* Base */,
			);
			name = Main.storyboard;
			sourceTree = "<group>";
		};
		975A4DC62459E32900178B55 /* LaunchScreen.storyboard */ = {
			isa = PBXVariantGroup;
			children = (
				975A4DC72459E32900178B55 /* Base */,
			);
			name = LaunchScreen.storyboard;
			sourceTree = "<group>";
		};
/* End PBXVariantGroup section */

/* Begin XCBuildConfiguration section */
		975A4DCA2459E32900178B55 /* Debug */ = {
			isa = XCBuildConfiguration;
			buildSettings = {
				ALWAYS_SEARCH_USER_PATHS = NO;
				CLANG_ANALYZER_NONNULL = YES;
				CLANG_ANALYZER_NUMBER_OBJECT_CONVERSION = YES_AGGRESSIVE;
				CLANG_CXX_LANGUAGE_STANDARD = "gnu++14";
				CLANG_CXX_LIBRARY = "libc++";
				CLANG_ENABLE_MODULES = YES;
				CLANG_ENABLE_OBJC_ARC = YES;
				CLANG_ENABLE_OBJC_WEAK = YES;
				CLANG_WARN_BLOCK_CAPTURE_AUTORELEASING = YES;
				CLANG_WARN_BOOL_CONVERSION = YES;
				CLANG_WARN_COMMA = YES;
				CLANG_WARN_CONSTANT_CONVERSION = YES;
				CLANG_WARN_DEPRECATED_OBJC_IMPLEMENTATIONS = YES;
				CLANG_WARN_DIRECT_OBJC_ISA_USAGE = YES_ERROR;
				CLANG_WARN_DOCUMENTATION_COMMENTS = YES;
				CLANG_WARN_EMPTY_BODY = YES;
				CLANG_WARN_ENUM_CONVERSION = YES;
				CLANG_WARN_INFINITE_RECURSION = YES;
				CLANG_WARN_INT_CONVERSION = YES;
				CLANG_WARN_NON_LITERAL_NULL_CONVERSION = YES;
				CLANG_WARN_OBJC_IMPLICIT_RETAIN_SELF = YES;
				CLANG_WARN_OBJC_LITERAL_CONVERSION = YES;
				CLANG_WARN_OBJC_ROOT_CLASS = YES_ERROR;
				CLANG_WARN_RANGE_LOOP_ANALYSIS = YES;
				CLANG_WARN_STRICT_PROTOTYPES = YES;
				CLANG_WARN_SUSPICIOUS_MOVE = YES;
				CLANG_WARN_UNGUARDED_AVAILABILITY = YES_AGGRESSIVE;
				CLANG_WARN_UNREACHABLE_CODE = YES;
				CLANG_WARN__DUPLICATE_METHOD_MATCH = YES;
				COPY_PHASE_STRIP = NO;
				DEBUG_INFORMATION_FORMAT = dwarf;
				ENABLE_STRICT_OBJC_MSGSEND = YES;
				ENABLE_TESTABILITY = YES;
				GCC_C_LANGUAGE_STANDARD = gnu11;
				GCC_DYNAMIC_NO_PIC = NO;
				GCC_NO_COMMON_BLOCKS = YES;
				GCC_OPTIMIZATION_LEVEL = 0;
				GCC_PREPROCESSOR_DEFINITIONS = (
					"DEBUG=1",
					"$(inherited)",
				);
				GCC_WARN_64_TO_32_BIT_CONVERSION = YES;
				GCC_WARN_ABOUT_RETURN_TYPE = YES_ERROR;
				GCC_WARN_UNDECLARED_SELECTOR = YES;
				GCC_WARN_UNINITIALIZED_AUTOS = YES_AGGRESSIVE;
				GCC_WARN_UNUSED_FUNCTION = YES;
				GCC_WARN_UNUSED_VARIABLE = YES;
				IPHONEOS_DEPLOYMENT_TARGET = 13.4;
				MTL_ENABLE_DEBUG_INFO = INCLUDE_SOURCE;
				MTL_FAST_MATH = YES;
				ONLY_ACTIVE_ARCH = YES;
				SDKROOT = iphoneos;
				SWIFT_ACTIVE_COMPILATION_CONDITIONS = DEBUG;
				SWIFT_OPTIMIZATION_LEVEL = "-Onone";
			};
			name = Debug;
		};
		975A4DCB2459E32900178B55 /* Release */ = {
			isa = XCBuildConfiguration;
			buildSettings = {
				ALWAYS_SEARCH_USER_PATHS = NO;
				CLANG_ANALYZER_NONNULL = YES;
				CLANG_ANALYZER_NUMBER_OBJECT_CONVERSION = YES_AGGRESSIVE;
				CLANG_CXX_LANGUAGE_STANDARD = "gnu++14";
				CLANG_CXX_LIBRARY = "libc++";
				CLANG_ENABLE_MODULES = YES;
				CLANG_ENABLE_OBJC_ARC = YES;
				CLANG_ENABLE_OBJC_WEAK = YES;
				CLANG_WARN_BLOCK_CAPTURE_AUTORELEASING = YES;
				CLANG_WARN_BOOL_CONVERSION = YES;
				CLANG_WARN_COMMA = YES;
				CLANG_WARN_CONSTANT_CONVERSION = YES;
				CLANG_WARN_DEPRECATED_OBJC_IMPLEMENTATIONS = YES;
				CLANG_WARN_DIRECT_OBJC_ISA_USAGE = YES_ERROR;
				CLANG_WARN_DOCUMENTATION_COMMENTS = YES;
				CLANG_WARN_EMPTY_BODY = YES;
				CLANG_WARN_ENUM_CONVERSION = YES;
				CLANG_WARN_INFINITE_RECURSION = YES;
				CLANG_WARN_INT_CONVERSION = YES;
				CLANG_WARN_NON_LITERAL_NULL_CONVERSION = YES;
				CLANG_WARN_OBJC_IMPLICIT_RETAIN_SELF = YES;
				CLANG_WARN_OBJC_LITERAL_CONVERSION = YES;
				CLANG_WARN_OBJC_ROOT_CLASS = YES_ERROR;
				CLANG_WARN_RANGE_LOOP_ANALYSIS = YES;
				CLANG_WARN_STRICT_PROTOTYPES = YES;
				CLANG_WARN_SUSPICIOUS_MOVE = YES;
				CLANG_WARN_UNGUARDED_AVAILABILITY = YES_AGGRESSIVE;
				CLANG_WARN_UNREACHABLE_CODE = YES;
				CLANG_WARN__DUPLICATE_METHOD_MATCH = YES;
				COPY_PHASE_STRIP = NO;
				DEBUG_INFORMATION_FORMAT = "dwarf-with-dsym";
				ENABLE_NS_ASSERTIONS = NO;
				ENABLE_STRICT_OBJC_MSGSEND = YES;
				GCC_C_LANGUAGE_STANDARD = gnu11;
				GCC_NO_COMMON_BLOCKS = YES;
				GCC_WARN_64_TO_32_BIT_CONVERSION = YES;
				GCC_WARN_ABOUT_RETURN_TYPE = YES_ERROR;
				GCC_WARN_UNDECLARED_SELECTOR = YES;
				GCC_WARN_UNINITIALIZED_AUTOS = YES_AGGRESSIVE;
				GCC_WARN_UNUSED_FUNCTION = YES;
				GCC_WARN_UNUSED_VARIABLE = YES;
				IPHONEOS_DEPLOYMENT_TARGET = 13.4;
				MTL_ENABLE_DEBUG_INFO = NO;
				MTL_FAST_MATH = YES;
				SDKROOT = iphoneos;
				SWIFT_COMPILATION_MODE = wholemodule;
				SWIFT_OPTIMIZATION_LEVEL = "-O";
				VALIDATE_PRODUCT = YES;
			};
			name = Release;
		};
		975A4DCD2459E32900178B55 /* Debug */ = {
			isa = XCBuildConfiguration;
			buildSettings = {
				ASSETCATALOG_COMPILER_APPICON_NAME = AppIcon;
				CODE_SIGN_STYLE = Automatic;
				DEVELOPMENT_TEAM = NWX6LJCJ67;
				INFOPLIST_FILE = CatBreeds/Info.plist;
				LD_RUNPATH_SEARCH_PATHS = (
					"$(inherited)",
					"@executable_path/Frameworks",
				);
				PRODUCT_BUNDLE_IDENTIFIER = com.alexeysorochan.CatBreeds;
				PRODUCT_NAME = "$(TARGET_NAME)";
				SWIFT_VERSION = 5.0;
				TARGETED_DEVICE_FAMILY = 1;
			};
			name = Debug;
		};
		975A4DCE2459E32900178B55 /* Release */ = {
			isa = XCBuildConfiguration;
			buildSettings = {
				ASSETCATALOG_COMPILER_APPICON_NAME = AppIcon;
				CODE_SIGN_STYLE = Automatic;
				DEVELOPMENT_TEAM = NWX6LJCJ67;
				INFOPLIST_FILE = CatBreeds/Info.plist;
				LD_RUNPATH_SEARCH_PATHS = (
					"$(inherited)",
					"@executable_path/Frameworks",
				);
				PRODUCT_BUNDLE_IDENTIFIER = com.alexeysorochan.CatBreeds;
				PRODUCT_NAME = "$(TARGET_NAME)";
				SWIFT_VERSION = 5.0;
				TARGETED_DEVICE_FAMILY = 1;
			};
			name = Release;
		};
/* End XCBuildConfiguration section */

/* Begin XCConfigurationList section */
		975A4DB32459E32800178B55 /* Build configuration list for PBXProject "CatBreeds" */ = {
			isa = XCConfigurationList;
			buildConfigurations = (
				975A4DCA2459E32900178B55 /* Debug */,
				975A4DCB2459E32900178B55 /* Release */,
			);
			defaultConfigurationIsVisible = 0;
			defaultConfigurationName = Release;
		};
		975A4DCC2459E32900178B55 /* Build configuration list for PBXNativeTarget "CatBreeds" */ = {
			isa = XCConfigurationList;
			buildConfigurations = (
				975A4DCD2459E32900178B55 /* Debug */,
				975A4DCE2459E32900178B55 /* Release */,
			);
			defaultConfigurationIsVisible = 0;
			defaultConfigurationName = Release;
		};
/* End XCConfigurationList section */
	};
	rootObject = 975A4DB02459E32800178B55 /* Project object */;
}
