// !$*UTF8*$!
{
	archiveVersion = 1;
	classes = {
	};
	objectVersion = 50;
	objects = {

/* Begin PBXBuildFile section */
		975A4DBC2459E32800178B55 /* AppDelegate.swift in Sources */ = {isa = PBXBuildFile; fileRef = 975A4DBB2459E32800178B55 /* AppDelegate.swift */; };
		975A4DBE2459E32800178B55 /* SceneDelegate.swift in Sources */ = {isa = PBXBuildFile; fileRef = 975A4DBD2459E32800178B55 /* SceneDelegate.swift */; };
		975A4DC02459E32800178B55 /* ViewController.swift in Sources */ = {isa = PBXBuildFile; fileRef = 975A4DBF2459E32800178B55 /* ViewController.swift */; };
		975A4DC32459E32800178B55 /* Main.storyboard in Resources */ = {isa = PBXBuildFile; fileRef = 975A4DC12459E32800178B55 /* Main.storyboard */; };
		975A4DC52459E32900178B55 /* Assets.xcassets in Resources */ = {isa = PBXBuildFile; fileRef = 975A4DC42459E32900178B55 /* Assets.xcassets */; };
		975A4DC82459E32900178B55 /* LaunchScreen.storyboard in Resources */ = {isa = PBXBuildFile; fileRef = 975A4DC62459E32900178B55 /* LaunchScreen.storyboard */; };
		975A4DD02459E41300178B55 /* CatsModel.swift in Sources */ = {isa = PBXBuildFile; fileRef = 975A4DCF2459E41300178B55 /* CatsModel.swift */; };
		97F4E0112459F8D200E90E48 /* Services.swift in Sources */ = {isa = PBXBuildFile; fileRef = 97F4E0102459F8D200E90E48 /* Services.swift */; };
		97F4E0132459F96600E90E48 /* BreedListViewController.swift in Sources */ = {isa = PBXBuildFile; fileRef = 97F4E0122459F96600E90E48 /* BreedListViewController.swift */; };
/* End PBXBuildFile section */

/* Begin PBXFileReference section */
		975A4DB82459E32800178B55 /* CatBreeds.app */ = {isa = PBXFileReference; explicitFileType = wrapper.application; includeInIndex = 0; path = CatBreeds.app; sourceTree = BUILT_PRODUCTS_DIR; };
		975A4DBB2459E32800178B55 /* AppDelegate.swift */ = {isa = PBXFileReference; lastKnownFileType = sourcecode.swift; path = AppDelegate.swift; sourceTree = "<group>"; };
		975A4DBD2459E32800178B55 /* SceneDelegate.swift */ = {isa = PBXFileReference; lastKnownFileType = sourcecode.swift; path = SceneDelegate.swift; sourceTree = "<group>"; };
		975A4DBF2459E32800178B55 /* ViewController.swift */ = {isa = PBXFileReference; lastKnownFileType = sourcecode.swift; path = ViewController.swift; sourceTree = "<group>"; };
		975A4DC22459E32800178B55 /* Base */ = {isa = PBXFileReference; lastKnownFileType = file.storyboard; name = Base; path = Base.lproj/Main.storyboard; sourceTree = "<group>"; };
		975A4DC42459E32900178B55 /* Assets.xcassets */ = {isa = PBXFileReference; lastKnownFileType = folder.assetcatalog; path = Assets.xcassets; sourceTree = "<group>"; };
		975A4DC72459E32900178B55 /* Base */ = {isa = PBXFileReference; lastKnownFileType = file.storyboard; name = Base; path = Base.lproj/LaunchScreen.storyboard; sourceTree = "<group>"; };
		975A4DC92459E32900178B55 /* Info.plist */ = {isa = PBXFileReference; lastKnownFileType = text.plist.xml; path = Info.plist; sourceTree = "<group>"; };
		975A4DCF2459E41300178B55 /* CatsModel.swift */ = {isa = PBXFileReference; lastKnownFileType = sourcecode.swift; path = CatsModel.swift; sourceTree = "<group>"; };
		97F4E0102459F8D200E90E48 /* Services.swift */ = {isa = PBXFileReference; lastKnownFileType = sourcecode.swift; path = Services.swift; sourceTree = "<group>"; };
		97F4E0122459F96600E90E48 /* BreedListViewController.swift */ = {isa = PBXFileReference; lastKnownFileType = sourcecode.swift; name = BreedListViewController.swift; path = CatBreeds/BreedListViewController.swift; sourceTree = SOURCE_ROOT; };
/* End PBXFileReference section */

/* Begin PBXFrameworksBuildPhase section */
		975A4DB52459E32800178B55 /* Frameworks */ = {
			isa = PBXFrameworksBuildPhase;
			buildActionMask = 2147483647;
			files = (
			);
			runOnlyForDeploymentPostprocessing = 0;
		};
/* End PBXFrameworksBuildPhase section */

/* Begin PBXGroup section */
		975A4DAF2459E32800178B55 = {
			isa = PBXGroup;
			children = (
				975A4DBA2459E32800178B55 /* CatBreeds */,
				975A4DB92459E32800178B55 /* Products */,
			);
			sourceTree = "<group>";
		};
		975A4DB92459E32800178B55 /* Products */ = {
			isa = PBXGroup;
			children = (
				975A4DB82459E32800178B55 /* CatBreeds.app */,
			);
			name = Products;
			sourceTree = "<group>";
		};
		975A4DBA2459E32800178B55 /* CatBreeds */ = {
			isa = PBXGroup;
			children = (
				975A4DBB2459E32800178B55 /* AppDelegate.swift */,
				975A4DD12459E42400178B55 /* Model */,
				975A4DBD2459E32800178B55 /* SceneDelegate.swift */,
				975A4DBF2459E32800178B55 /* ViewController.swift */,
				975A4DC12459E32800178B55 /* Main.storyboard */,
				975A4DC42459E32900178B55 /* Assets.xcassets */,
				975A4DC62459E32900178B55 /* LaunchScreen.storyboard */,
				975A4DC92459E32900178B55 /* Info.plist */,
			);
			path = CatBreeds;
			sourceTree = "<group>";
		};
		975A4DD12459E42400178B55 /* Model */ = {
			isa = PBXGroup;
			children = (
				975A4DCF2459E41300178B55 /* CatsModel.swift */,
				97F4E0102459F8D200E90E48 /* Services.swift */,
				97F4E0122459F96600E90E48 /* BreedListViewController.swift */,
			);
			path = Model;
			sourceTree = "<group>";
		};
/* End PBXGroup section */

/* Begin PBXNativeTarget section */
		975A4DB72459E32800178B55 /* CatBreeds */ = {
			isa = PBXNativeTarget;
			buildConfigurationList = 975A4DCC2459E32900178B55 /* Build configuration list for PBXNativeTarget "CatBreeds" */;
			buildPhases = (
				975A4DB42459E32800178B55 /* Sources */,
				975A4DB52459E32800178B55 /* Frameworks */,
				975A4DB62459E32800178B55 /* Resources */,
			);
			buildRules = (
			);
			dependencies = (
			);
			name = CatBreeds;
			productName = CatBreeds;
			productReference = 975A4DB82459E32800178B55 /* CatBreeds.app */;
			productType = "com.apple.product-type.application";
		};
/* End PBXNativeTarget section */

/* Begin PBXProject section */
		975A4DB02459E32800178B55 /* Project object */ = {
			isa = PBXProject;
			attributes = {
				LastSwiftUpdateCheck = 1140;
				LastUpgradeCheck = 1140;
				ORGANIZATIONNAME = "alexey sorochan";
				TargetAttributes = {
					975A4DB72459E32800178B55 = {
						CreatedOnToolsVersion = 11.4.1;
					};
				};
			};
			buildConfigurationList = 975A4DB32459E32800178B55 /* Build configuration list for PBXProject "CatBreeds" */;
			compatibilityVersion = "Xcode 9.3";
			developmentRegion = en;
			hasScannedForEncodings = 0;
			knownRegions = (
				en,
				Base,
			);
			mainGroup = 975A4DAF2459E32800178B55;
			productRefGroup = 975A4DB92459E32800178B55 /* Products */;
			projectDirPath = "";
			projectRoot = "";
			targets = (
				975A4DB72459E32800178B55 /* CatBreeds */,
			);
		};
/* End PBXProject section */

/* Begin PBXResourcesBuildPhase section */
		975A4DB62459E32800178B55 /* Resources */ = {
			isa = PBXResourcesBuildPhase;
			buildActionMask = 2147483647;
			files = (
				975A4DC82459E32900178B55 /* LaunchScreen.storyboard in Resources */,
				975A4DC52459E32900178B55 /* Assets.xcassets in Resources */,
				975A4DC32459E32800178B55 /* Main.storyboard in Resources */,
			);
			runOnlyForDeploymentPostprocessing = 0;
		};
/* End PBXResourcesBuildPhase section */

/* Begin PBXSourcesBuildPhase section */
		975A4DB42459E32800178B55 /* Sources */ = {
			isa = PBXSourcesBuildPhase;
			buildActionMask = 2147483647;
			files = (
				97F4E0112459F8D200E90E48 /* Services.swift in Sources */,
				975A4DC02459E32800178B55 /* ViewController.swift in Sources */,
				975A4DBC2459E32800178B55 /* AppDelegate.swift in Sources */,
				975A4DD02459E41300178B55 /* CatsModel.swift in Sources */,
				975A4DBE2459E32800178B55 /* SceneDelegate.swift in Sources */,
				97F4E0132459F96600E90E48 /* BreedListViewController.swift in Sources */,
			);
			runOnlyForDeploymentPostprocessing = 0;
		};
/* End PBXSourcesBuildPhase section */

/* Begin PBXVariantGroup section */
		975A4DC12459E32800178B55 /* Main.storyboard */ = {
			isa = PBXVariantGroup;
			children = (
				975A4DC22459E32800178B55 /* Base */,
			);
			name = Main.storyboard;
			sourceTree = "<group>";
		};
		975A4DC62459E32900178B55 /* LaunchScreen.storyboard */ = {
			isa = PBXVariantGroup;
			children = (
				975A4DC72459E32900178B55 /* Base */,
			);
			name = LaunchScreen.storyboard;
			sourceTree = "<group>";
		};
/* End PBXVariantGroup section */

/* Begin XCBuildConfiguration section */
		975A4DCA2459E32900178B55 /* Debug */ = {
			isa = XCBuildConfiguration;
			buildSettings = {
				ALWAYS_SEARCH_USER_PATHS = NO;
				CLANG_ANALYZER_NONNULL = YES;
				CLANG_ANALYZER_NUMBER_OBJECT_CONVERSION = YES_AGGRESSIVE;
				CLANG_CXX_LANGUAGE_STANDARD = "gnu++14";
				CLANG_CXX_LIBRARY = "libc++";
				CLANG_ENABLE_MODULES = YES;
				CLANG_ENABLE_OBJC_ARC = YES;
				CLANG_ENABLE_OBJC_WEAK = YES;
				CLANG_WARN_BLOCK_CAPTURE_AUTORELEASING = YES;
				CLANG_WARN_BOOL_CONVERSION = YES;
				CLANG_WARN_COMMA = YES;
				CLANG_WARN_CONSTANT_CONVERSION = YES;
				CLANG_WARN_DEPRECATED_OBJC_IMPLEMENTATIONS = YES;
				CLANG_WARN_DIRECT_OBJC_ISA_USAGE = YES_ERROR;
				CLANG_WARN_DOCUMENTATION_COMMENTS = YES;
				CLANG_WARN_EMPTY_BODY = YES;
				CLANG_WARN_ENUM_CONVERSION = YES;
				CLANG_WARN_INFINITE_RECURSION = YES;
				CLANG_WARN_INT_CONVERSION = YES;
				CLANG_WARN_NON_LITERAL_NULL_CONVERSION = YES;
				CLANG_WARN_OBJC_IMPLICIT_RETAIN_SELF = YES;
				CLANG_WARN_OBJC_LITERAL_CONVERSION = YES;
				CLANG_WARN_OBJC_ROOT_CLASS = YES_ERROR;
				CLANG_WARN_RANGE_LOOP_ANALYSIS = YES;
				CLANG_WARN_STRICT_PROTOTYPES = YES;
				CLANG_WARN_SUSPICIOUS_MOVE = YES;
				CLANG_WARN_UNGUARDED_AVAILABILITY = YES_AGGRESSIVE;
				CLANG_WARN_UNREACHABLE_CODE = YES;
				CLANG_WARN__DUPLICATE_METHOD_MATCH = YES;
				COPY_PHASE_STRIP = NO;
				DEBUG_INFORMATION_FORMAT = dwarf;
				ENABLE_STRICT_OBJC_MSGSEND = YES;
				ENABLE_TESTABILITY = YES;
				GCC_C_LANGUAGE_STANDARD = gnu11;
				GCC_DYNAMIC_NO_PIC = NO;
				GCC_NO_COMMON_BLOCKS = YES;
				GCC_OPTIMIZATION_LEVEL = 0;
				GCC_PREPROCESSOR_DEFINITIONS = (
					"DEBUG=1",
					"$(inherited)",
				);
				GCC_WARN_64_TO_32_BIT_CONVERSION = YES;
				GCC_WARN_ABOUT_RETURN_TYPE = YES_ERROR;
				GCC_WARN_UNDECLARED_SELECTOR = YES;
				GCC_WARN_UNINITIALIZED_AUTOS = YES_AGGRESSIVE;
				GCC_WARN_UNUSED_FUNCTION = YES;
				GCC_WARN_UNUSED_VARIABLE = YES;
				IPHONEOS_DEPLOYMENT_TARGET = 13.4;
				MTL_ENABLE_DEBUG_INFO = INCLUDE_SOURCE;
				MTL_FAST_MATH = YES;
				ONLY_ACTIVE_ARCH = YES;
				SDKROOT = iphoneos;
				SWIFT_ACTIVE_COMPILATION_CONDITIONS = DEBUG;
				SWIFT_OPTIMIZATION_LEVEL = "-Onone";
			};
			name = Debug;
		};
		975A4DCB2459E32900178B55 /* Release */ = {
			isa = XCBuildConfiguration;
			buildSettings = {
				ALWAYS_SEARCH_USER_PATHS = NO;
				CLANG_ANALYZER_NONNULL = YES;
				CLANG_ANALYZER_NUMBER_OBJECT_CONVERSION = YES_AGGRESSIVE;
				CLANG_CXX_LANGUAGE_STANDARD = "gnu++14";
				CLANG_CXX_LIBRARY = "libc++";
				CLANG_ENABLE_MODULES = YES;
				CLANG_ENABLE_OBJC_ARC = YES;
				CLANG_ENABLE_OBJC_WEAK = YES;
				CLANG_WARN_BLOCK_CAPTURE_AUTORELEASING = YES;
				CLANG_WARN_BOOL_CONVERSION = YES;
				CLANG_WARN_COMMA = YES;
				CLANG_WARN_CONSTANT_CONVERSION = YES;
				CLANG_WARN_DEPRECATED_OBJC_IMPLEMENTATIONS = YES;
				CLANG_WARN_DIRECT_OBJC_ISA_USAGE = YES_ERROR;
				CLANG_WARN_DOCUMENTATION_COMMENTS = YES;
				CLANG_WARN_EMPTY_BODY = YES;
				CLANG_WARN_ENUM_CONVERSION = YES;
				CLANG_WARN_INFINITE_RECURSION = YES;
				CLANG_WARN_INT_CONVERSION = YES;
				CLANG_WARN_NON_LITERAL_NULL_CONVERSION = YES;
				CLANG_WARN_OBJC_IMPLICIT_RETAIN_SELF = YES;
				CLANG_WARN_OBJC_LITERAL_CONVERSION = YES;
				CLANG_WARN_OBJC_ROOT_CLASS = YES_ERROR;
				CLANG_WARN_RANGE_LOOP_ANALYSIS = YES;
				CLANG_WARN_STRICT_PROTOTYPES = YES;
				CLANG_WARN_SUSPICIOUS_MOVE = YES;
				CLANG_WARN_UNGUARDED_AVAILABILITY = YES_AGGRESSIVE;
				CLANG_WARN_UNREACHABLE_CODE = YES;
				CLANG_WARN__DUPLICATE_METHOD_MATCH = YES;
				COPY_PHASE_STRIP = NO;
				DEBUG_INFORMATION_FORMAT = "dwarf-with-dsym";
				ENABLE_NS_ASSERTIONS = NO;
				ENABLE_STRICT_OBJC_MSGSEND = YES;
				GCC_C_LANGUAGE_STANDARD = gnu11;
				GCC_NO_COMMON_BLOCKS = YES;
				GCC_WARN_64_TO_32_BIT_CONVERSION = YES;
				GCC_WARN_ABOUT_RETURN_TYPE = YES_ERROR;
				GCC_WARN_UNDECLARED_SELECTOR = YES;
				GCC_WARN_UNINITIALIZED_AUTOS = YES_AGGRESSIVE;
				GCC_WARN_UNUSED_FUNCTION = YES;
				GCC_WARN_UNUSED_VARIABLE = YES;
				IPHONEOS_DEPLOYMENT_TARGET = 13.4;
				MTL_ENABLE_DEBUG_INFO = NO;
				MTL_FAST_MATH = YES;
				SDKROOT = iphoneos;
				SWIFT_COMPILATION_MODE = wholemodule;
				SWIFT_OPTIMIZATION_LEVEL = "-O";
				VALIDATE_PRODUCT = YES;
			};
			name = Release;
		};
		975A4DCD2459E32900178B55 /* Debug */ = {
			isa = XCBuildConfiguration;
			buildSettings = {
				ASSETCATALOG_COMPILER_APPICON_NAME = AppIcon;
				CODE_SIGN_STYLE = Automatic;
				DEVELOPMENT_TEAM = NWX6LJCJ67;
				INFOPLIST_FILE = CatBreeds/Info.plist;
				LD_RUNPATH_SEARCH_PATHS = (
					"$(inherited)",
					"@executable_path/Frameworks",
				);
				PRODUCT_BUNDLE_IDENTIFIER = com.alexeysorochan.CatBreeds;
				PRODUCT_NAME = "$(TARGET_NAME)";
				SWIFT_VERSION = 5.0;
				TARGETED_DEVICE_FAMILY = 1;
			};
			name = Debug;
		};
		975A4DCE2459E32900178B55 /* Release */ = {
			isa = XCBuildConfiguration;
			buildSettings = {
				ASSETCATALOG_COMPILER_APPICON_NAME = AppIcon;
				CODE_SIGN_STYLE = Automatic;
				DEVELOPMENT_TEAM = NWX6LJCJ67;
				INFOPLIST_FILE = CatBreeds/Info.plist;
				LD_RUNPATH_SEARCH_PATHS = (
					"$(inherited)",
					"@executable_path/Frameworks",
				);
				PRODUCT_BUNDLE_IDENTIFIER = com.alexeysorochan.CatBreeds;
				PRODUCT_NAME = "$(TARGET_NAME)";
				SWIFT_VERSION = 5.0;
				TARGETED_DEVICE_FAMILY = 1;
			};
			name = Release;
		};
/* End XCBuildConfiguration section */

/* Begin XCConfigurationList section */
		975A4DB32459E32800178B55 /* Build configuration list for PBXProject "CatBreeds" */ = {
			isa = XCConfigurationList;
			buildConfigurations = (
				975A4DCA2459E32900178B55 /* Debug */,
				975A4DCB2459E32900178B55 /* Release */,
			);
			defaultConfigurationIsVisible = 0;
			defaultConfigurationName = Release;
		};
		975A4DCC2459E32900178B55 /* Build configuration list for PBXNativeTarget "CatBreeds" */ = {
			isa = XCConfigurationList;
			buildConfigurations = (
				975A4DCD2459E32900178B55 /* Debug */,
				975A4DCE2459E32900178B55 /* Release */,
			);
			defaultConfigurationIsVisible = 0;
			defaultConfigurationName = Release;
		};
/* End XCConfigurationList section */
	};
	rootObject = 975A4DB02459E32800178B55 /* Project object */;
}
